
Microsoft Visual Studio Solution File, Format Version 9.00
# Visual C++ Express 2005
Project("{8BC9CEB8-8B4A-11D0-8D11-00A0C91BC942}") = "Decode", "decoder\Decode.vcproj", "{2074DDF4-26A0-4032-8EC3-2548D8B4C023}"
	ProjectSection(ProjectDependencies) = postProject
		{E15EF978-D8A7-4A61-91FC-D6E2519E1C0A} = {E15EF978-D8A7-4A61-91FC-D6E2519E1C0A}
		{4AB86279-CF52-48CE-8DDC-D7D2D6E3BC3F} = {4AB86279-CF52-48CE-8DDC-D7D2D6E3BC3F}
	EndProjectSection
EndProject
Project("{8BC9CEB8-8B4A-11D0-8D11-00A0C91BC942}") = "Encode", "encoder\Encode.vcproj", "{5C4B74E2-D388-4D4E-BB58-E9B2B0CCD929}"
	ProjectSection(ProjectDependencies) = postProject
		{E15EF978-D8A7-4A61-91FC-D6E2519E1C0A} = {E15EF978-D8A7-4A61-91FC-D6E2519E1C0A}
		{4AB86279-CF52-48CE-8DDC-D7D2D6E3BC3F} = {4AB86279-CF52-48CE-8DDC-D7D2D6E3BC3F}
	EndProjectSection
EndProject
Project("{8BC9CEB8-8B4A-11D0-8D11-00A0C91BC942}") = "GZLib", "..\zlib-1.1.4\GZLib.vcproj", "{E15EF978-D8A7-4A61-91FC-D6E2519E1C0A}"
EndProject
Project("{8BC9CEB8-8B4A-11D0-8D11-00A0C91BC942}") = "StegoLib", "..\StegoLib\StegoLib.vcproj", "{4AB86279-CF52-48CE-8DDC-D7D2D6E3BC3F}"
EndProject
Global
	GlobalSection(SolutionConfigurationPlatforms) = preSolution
		Debug|Win32 = Debug|Win32
		Release|Win32 = Release|Win32
	EndGlobalSection
	GlobalSection(ProjectConfigurationPlatforms) = postSolution
		{2074DDF4-26A0-4032-8EC3-2548D8B4C023}.Debug|Win32.ActiveCfg = Debug|Win32
		{2074DDF4-26A0-4032-8EC3-2548D8B4C023}.Debug|Win32.Build.0 = Debug|Win32
		{2074DDF4-26A0-4032-8EC3-2548D8B4C023}.Release|Win32.ActiveCfg = Release|Win32
		{2074DDF4-26A0-4032-8EC3-2548D8B4C023}.Release|Win32.Build.0 = Release|Win32
		{5C4B74E2-D388-4D4E-BB58-E9B2B0CCD929}.Debug|Win32.ActiveCfg = Debug|Win32
		{5C4B74E2-D388-4D4E-BB58-E9B2B0CCD929}.Debug|Win32.Build.0 = Debug|Win32
		{5C4B74E2-D388-4D4E-BB58-E9B2B0CCD929}.Release|Win32.ActiveCfg = Release|Win32
		{5C4B74E2-D388-4D4E-BB58-E9B2B0CCD929}.Release|Win32.Build.0 = Release|Win32
		{E15EF978-D8A7-4A61-91FC-D6E2519E1C0A}.Debug|Win32.ActiveCfg = Debug|Win32
		{E15EF978-D8A7-4A61-91FC-D6E2519E1C0A}.Debug|Win32.Build.0 = Debug|Win32
		{E15EF978-D8A7-4A61-91FC-D6E2519E1C0A}.Release|Win32.ActiveCfg = Release|Win32
		{E15EF978-D8A7-4A61-91FC-D6E2519E1C0A}.Release|Win32.Build.0 = Release|Win32
		{4AB86279-CF52-48CE-8DDC-D7D2D6E3BC3F}.Debug|Win32.ActiveCfg = Debug|Win32
		{4AB86279-CF52-48CE-8DDC-D7D2D6E3BC3F}.Debug|Win32.Build.0 = Debug|Win32
		{4AB86279-CF52-48CE-8DDC-D7D2D6E3BC3F}.Release|Win32.ActiveCfg = Release|Win32
		{4AB86279-CF52-48CE-8DDC-D7D2D6E3BC3F}.Release|Win32.Build.0 = Release|Win32
	EndGlobalSection
	GlobalSection(SolutionProperties) = preSolution
		HideSolutionNode = FALSE
	EndGlobalSection
EndGlobal
